
Microsoft Visual Studio Solution File, Format Version 12.00
# Visual Studio 15
VisualStudioVersion = 15.0.28307.852
MinimumVisualStudioVersion = 10.0.40219.1
Project("{FAE04EC0-301F-11D3-BF4B-00C04F79EFBC}") = "SleepWakeSystemII.Android", "SleepWakeSystemII\SleepWakeSystemII.Android\SleepWakeSystemII.Android.csproj", "{76162A1B-576A-44E9-B69D-B2259970C345}"
EndProject
Project("{FAE04EC0-301F-11D3-BF4B-00C04F79EFBC}") = "SleepWakeSystemII.iOS", "SleepWakeSystemII\SleepWakeSystemII.iOS\SleepWakeSystemII.iOS.csproj", "{4BA3033C-BD8D-437F-9C2B-58D467AB2FCA}"
EndProject
Project("{FAE04EC0-301F-11D3-BF4B-00C04F79EFBC}") = "SleepWakeSystemII.UWP", "SleepWakeSystemII\SleepWakeSystemII.UWP\SleepWakeSystemII.UWP.csproj", "{D535FE65-1029-445B-8B8B-1B0ACC135CFC}"
EndProject
Project("{D954291E-2A0B-460D-934E-DC6B0785DB48}") = "SleepWakeSystemII", "SleepWakeSystemII\SleepWakeSystemII\SleepWakeSystemII.shproj", "{9B381FCB-B6DB-4289-890C-3CE5551D722F}"
EndProject
Global
	GlobalSection(SharedMSBuildProjectFiles) = preSolution
		SleepWakeSystemII\SleepWakeSystemII\SleepWakeSystemII.projitems*{4ba3033c-bd8d-437f-9c2b-58d467ab2fca}*SharedItemsImports = 4
		SleepWakeSystemII\SleepWakeSystemII\SleepWakeSystemII.projitems*{76162a1b-576a-44e9-b69d-b2259970c345}*SharedItemsImports = 4
		SleepWakeSystemII\SleepWakeSystemII\SleepWakeSystemII.projitems*{9b381fcb-b6db-4289-890c-3ce5551d722f}*SharedItemsImports = 13
		SleepWakeSystemII\SleepWakeSystemII\SleepWakeSystemII.projitems*{d535fe65-1029-445b-8b8b-1b0acc135cfc}*SharedItemsImports = 4
	EndGlobalSection
	GlobalSection(SolutionConfigurationPlatforms) = preSolution
		Ad-Hoc|Any CPU = Ad-Hoc|Any CPU
		Ad-Hoc|ARM = Ad-Hoc|ARM
		Ad-Hoc|iPhone = Ad-Hoc|iPhone
		Ad-Hoc|iPhoneSimulator = Ad-Hoc|iPhoneSimulator
		Ad-Hoc|x64 = Ad-Hoc|x64
		Ad-Hoc|x86 = Ad-Hoc|x86
		AppStore|Any CPU = AppStore|Any CPU
		AppStore|ARM = AppStore|ARM
		AppStore|iPhone = AppStore|iPhone
		AppStore|iPhoneSimulator = AppStore|iPhoneSimulator
		AppStore|x64 = AppStore|x64
		AppStore|x86 = AppStore|x86
		Debug|Any CPU = Debug|Any CPU
		Debug|ARM = Debug|ARM
		Debug|iPhone = Debug|iPhone
		Debug|iPhoneSimulator = Debug|iPhoneSimulator
		Debug|x64 = Debug|x64
		Debug|x86 = Debug|x86
		Release|Any CPU = Release|Any CPU
		Release|ARM = Release|ARM
		Release|iPhone = Release|iPhone
		Release|iPhoneSimulator = Release|iPhoneSimulator
		Release|x64 = Release|x64
		Release|x86 = Release|x86
	EndGlobalSection
	GlobalSection(ProjectConfigurationPlatforms) = postSolution
		{76162A1B-576A-44E9-B69D-B2259970C345}.Ad-Hoc|Any CPU.ActiveCfg = Release|Any CPU
		{76162A1B-576A-44E9-B69D-B2259970C345}.Ad-Hoc|Any CPU.Build.0 = Release|Any CPU
		{76162A1B-576A-44E9-B69D-B2259970C345}.Ad-Hoc|Any CPU.Deploy.0 = Release|Any CPU
		{76162A1B-576A-44E9-B69D-B2259970C345}.Ad-Hoc|ARM.ActiveCfg = Release|Any CPU
		{76162A1B-576A-44E9-B69D-B2259970C345}.Ad-Hoc|ARM.Build.0 = Release|Any CPU
		{76162A1B-576A-44E9-B69D-B2259970C345}.Ad-Hoc|ARM.Deploy.0 = Release|Any CPU
		{76162A1B-576A-44E9-B69D-B2259970C345}.Ad-Hoc|iPhone.ActiveCfg = Release|Any CPU
		{76162A1B-576A-44E9-B69D-B2259970C345}.Ad-Hoc|iPhone.Build.0 = Release|Any CPU
		{76162A1B-576A-44E9-B69D-B2259970C345}.Ad-Hoc|iPhone.Deploy.0 = Release|Any CPU
		{76162A1B-576A-44E9-B69D-B2259970C345}.Ad-Hoc|iPhoneSimulator.ActiveCfg = Release|Any CPU
		{76162A1B-576A-44E9-B69D-B2259970C345}.Ad-Hoc|iPhoneSimulator.Build.0 = Release|Any CPU
		{76162A1B-576A-44E9-B69D-B2259970C345}.Ad-Hoc|iPhoneSimulator.Deploy.0 = Release|Any CPU
		{76162A1B-576A-44E9-B69D-B2259970C345}.Ad-Hoc|x64.ActiveCfg = Release|Any CPU
		{76162A1B-576A-44E9-B69D-B2259970C345}.Ad-Hoc|x64.Build.0 = Release|Any CPU
		{76162A1B-576A-44E9-B69D-B2259970C345}.Ad-Hoc|x64.Deploy.0 = Release|Any CPU
		{76162A1B-576A-44E9-B69D-B2259970C345}.Ad-Hoc|x86.ActiveCfg = Release|Any CPU
		{76162A1B-576A-44E9-B69D-B2259970C345}.Ad-Hoc|x86.Build.0 = Release|Any CPU
		{76162A1B-576A-44E9-B69D-B2259970C345}.Ad-Hoc|x86.Deploy.0 = Release|Any CPU
		{76162A1B-576A-44E9-B69D-B2259970C345}.AppStore|Any CPU.ActiveCfg = Release|Any CPU
		{76162A1B-576A-44E9-B69D-B2259970C345}.AppStore|Any CPU.Build.0 = Release|Any CPU
		{76162A1B-576A-44E9-B69D-B2259970C345}.AppStore|Any CPU.Deploy.0 = Release|Any CPU
		{76162A1B-576A-44E9-B69D-B2259970C345}.AppStore|ARM.ActiveCfg = Release|Any CPU
		{76162A1B-576A-44E9-B69D-B2259970C345}.AppStore|ARM.Build.0 = Release|Any CPU
		{76162A1B-576A-44E9-B69D-B2259970C345}.AppStore|ARM.Deploy.0 = Release|Any CPU
		{76162A1B-576A-44E9-B69D-B2259970C345}.AppStore|iPhone.ActiveCfg = Release|Any CPU
		{76162A1B-576A-44E9-B69D-B2259970C345}.AppStore|iPhone.Build.0 = Release|Any CPU
		{76162A1B-576A-44E9-B69D-B2259970C345}.AppStore|iPhone.Deploy.0 = Release|Any CPU
		{76162A1B-576A-44E9-B69D-B2259970C345}.AppStore|iPhoneSimulator.ActiveCfg = Release|Any CPU
		{76162A1B-576A-44E9-B69D-B2259970C345}.AppStore|iPhoneSimulator.Build.0 = Release|Any CPU
		{76162A1B-576A-44E9-B69D-B2259970C345}.AppStore|iPhoneSimulator.Deploy.0 = Release|Any CPU
		{76162A1B-576A-44E9-B69D-B2259970C345}.AppStore|x64.ActiveCfg = Release|Any CPU
		{76162A1B-576A-44E9-B69D-B2259970C345}.AppStore|x64.Build.0 = Release|Any CPU
		{76162A1B-576A-44E9-B69D-B2259970C345}.AppStore|x64.Deploy.0 = Release|Any CPU
		{76162A1B-576A-44E9-B69D-B2259970C345}.AppStore|x86.ActiveCfg = Release|Any CPU
		{76162A1B-576A-44E9-B69D-B2259970C345}.AppStore|x86.Build.0 = Release|Any CPU
		{76162A1B-576A-44E9-B69D-B2259970C345}.AppStore|x86.Deploy.0 = Release|Any CPU
		{76162A1B-576A-44E9-B69D-B2259970C345}.Debug|Any CPU.ActiveCfg = Debug|Any CPU
		{76162A1B-576A-44E9-B69D-B2259970C345}.Debug|Any CPU.Build.0 = Debug|Any CPU
		{76162A1B-576A-44E9-B69D-B2259970C345}.Debug|Any CPU.Deploy.0 = Debug|Any CPU
		{76162A1B-576A-44E9-B69D-B2259970C345}.Debug|ARM.ActiveCfg = Debug|Any CPU
		{76162A1B-576A-44E9-B69D-B2259970C345}.Debug|ARM.Build.0 = Debug|Any CPU
		{76162A1B-576A-44E9-B69D-B2259970C345}.Debug|ARM.Deploy.0 = Debug|Any CPU
		{76162A1B-576A-44E9-B69D-B2259970C345}.Debug|iPhone.ActiveCfg = Debug|Any CPU
		{76162A1B-576A-44E9-B69D-B2259970C345}.Debug|iPhone.Build.0 = Debug|Any CPU
		{76162A1B-576A-44E9-B69D-B2259970C345}.Debug|iPhone.Deploy.0 = Debug|Any CPU
		{76162A1B-576A-44E9-B69D-B2259970C345}.Debug|iPhoneSimulator.ActiveCfg = Debug|Any CPU
		{76162A1B-576A-44E9-B69D-B2259970C345}.Debug|iPhoneSimulator.Build.0 = Debug|Any CPU
		{76162A1B-576A-44E9-B69D-B2259970C345}.Debug|iPhoneSimulator.Deploy.0 = Debug|Any CPU
		{76162A1B-576A-44E9-B69D-B2259970C345}.Debug|x64.ActiveCfg = Debug|Any CPU
		{76162A1B-576A-44E9-B69D-B2259970C345}.Debug|x64.Build.0 = Debug|Any CPU
		{76162A1B-576A-44E9-B69D-B2259970C345}.Debug|x64.Deploy.0 = Debug|Any CPU
		{76162A1B-576A-44E9-B69D-B2259970C345}.Debug|x86.ActiveCfg = Debug|Any CPU
		{76162A1B-576A-44E9-B69D-B2259970C345}.Debug|x86.Build.0 = Debug|Any CPU
		{76162A1B-576A-44E9-B69D-B2259970C345}.Debug|x86.Deploy.0 = Debug|Any CPU
		{76162A1B-576A-44E9-B69D-B2259970C345}.Release|Any CPU.ActiveCfg = Release|Any CPU
		{76162A1B-576A-44E9-B69D-B2259970C345}.Release|Any CPU.Build.0 = Release|Any CPU
		{76162A1B-576A-44E9-B69D-B2259970C345}.Release|Any CPU.Deploy.0 = Release|Any CPU
		{76162A1B-576A-44E9-B69D-B2259970C345}.Release|ARM.ActiveCfg = Release|Any CPU
		{76162A1B-576A-44E9-B69D-B2259970C345}.Release|ARM.Build.0 = Release|Any CPU
		{76162A1B-576A-44E9-B69D-B2259970C345}.Release|ARM.Deploy.0 = Release|Any CPU
		{76162A1B-576A-44E9-B69D-B2259970C345}.Release|iPhone.ActiveCfg = Release|Any CPU
		{76162A1B-576A-44E9-B69D-B2259970C345}.Release|iPhone.Build.0 = Release|Any CPU
		{76162A1B-576A-44E9-B69D-B2259970C345}.Release|iPhone.Deploy.0 = Release|Any CPU
		{76162A1B-576A-44E9-B69D-B2259970C345}.Release|iPhoneSimulator.ActiveCfg = Release|Any CPU
		{76162A1B-576A-44E9-B69D-B2259970C345}.Release|iPhoneSimulator.Build.0 = Release|Any CPU
		{76162A1B-576A-44E9-B69D-B2259970C345}.Release|iPhoneSimulator.Deploy.0 = Release|Any CPU
		{76162A1B-576A-44E9-B69D-B2259970C345}.Release|x64.ActiveCfg = Release|Any CPU
		{76162A1B-576A-44E9-B69D-B2259970C345}.Release|x64.Build.0 = Release|Any CPU
		{76162A1B-576A-44E9-B69D-B2259970C345}.Release|x64.Deploy.0 = Release|Any CPU
		{76162A1B-576A-44E9-B69D-B2259970C345}.Release|x86.ActiveCfg = Release|Any CPU
		{76162A1B-576A-44E9-B69D-B2259970C345}.Release|x86.Build.0 = Release|Any CPU
		{76162A1B-576A-44E9-B69D-B2259970C345}.Release|x86.Deploy.0 = Release|Any CPU
		{4BA3033C-BD8D-437F-9C2B-58D467AB2FCA}.Ad-Hoc|Any CPU.ActiveCfg = Ad-Hoc|iPhone
		{4BA3033C-BD8D-437F-9C2B-58D467AB2FCA}.Ad-Hoc|Any CPU.Build.0 = Ad-Hoc|iPhone
		{4BA3033C-BD8D-437F-9C2B-58D467AB2FCA}.Ad-Hoc|Any CPU.Deploy.0 = Ad-Hoc|iPhone
		{4BA3033C-BD8D-437F-9C2B-58D467AB2FCA}.Ad-Hoc|ARM.ActiveCfg = Ad-Hoc|iPhone
		{4BA3033C-BD8D-437F-9C2B-58D467AB2FCA}.Ad-Hoc|ARM.Build.0 = Ad-Hoc|iPhone
		{4BA3033C-BD8D-437F-9C2B-58D467AB2FCA}.Ad-Hoc|ARM.Deploy.0 = Ad-Hoc|iPhone
		{4BA3033C-BD8D-437F-9C2B-58D467AB2FCA}.Ad-Hoc|iPhone.ActiveCfg = Ad-Hoc|iPhone
		{4BA3033C-BD8D-437F-9C2B-58D467AB2FCA}.Ad-Hoc|iPhone.Build.0 = Ad-Hoc|iPhone
		{4BA3033C-BD8D-437F-9C2B-58D467AB2FCA}.Ad-Hoc|iPhone.Deploy.0 = Ad-Hoc|iPhone
		{4BA3033C-BD8D-437F-9C2B-58D467AB2FCA}.Ad-Hoc|iPhoneSimulator.ActiveCfg = Ad-Hoc|iPhoneSimulator
		{4BA3033C-BD8D-437F-9C2B-58D467AB2FCA}.Ad-Hoc|iPhoneSimulator.Build.0 = Ad-Hoc|iPhoneSimulator
		{4BA3033C-BD8D-437F-9C2B-58D467AB2FCA}.Ad-Hoc|iPhoneSimulator.Deploy.0 = Ad-Hoc|iPhoneSimulator
		{4BA3033C-BD8D-437F-9C2B-58D467AB2FCA}.Ad-Hoc|x64.ActiveCfg = Ad-Hoc|iPhone
		{4BA3033C-BD8D-437F-9C2B-58D467AB2FCA}.Ad-Hoc|x64.Build.0 = Ad-Hoc|iPhone
		{4BA3033C-BD8D-437F-9C2B-58D467AB2FCA}.Ad-Hoc|x64.Deploy.0 = Ad-Hoc|iPhone
		{4BA3033C-BD8D-437F-9C2B-58D467AB2FCA}.Ad-Hoc|x86.ActiveCfg = Ad-Hoc|iPhone
		{4BA3033C-BD8D-437F-9C2B-58D467AB2FCA}.Ad-Hoc|x86.Build.0 = Ad-Hoc|iPhone
		{4BA3033C-BD8D-437F-9C2B-58D467AB2FCA}.Ad-Hoc|x86.Deploy.0 = Ad-Hoc|iPhone
		{4BA3033C-BD8D-437F-9C2B-58D467AB2FCA}.AppStore|Any CPU.ActiveCfg = AppStore|iPhone
		{4BA3033C-BD8D-437F-9C2B-58D467AB2FCA}.AppStore|Any CPU.Build.0 = AppStore|iPhone
		{4BA3033C-BD8D-437F-9C2B-58D467AB2FCA}.AppStore|Any CPU.Deploy.0 = AppStore|iPhone
		{4BA3033C-BD8D-437F-9C2B-58D467AB2FCA}.AppStore|ARM.ActiveCfg = AppStore|iPhone
		{4BA3033C-BD8D-437F-9C2B-58D467AB2FCA}.AppStore|ARM.Build.0 = AppStore|iPhone
		{4BA3033C-BD8D-437F-9C2B-58D467AB2FCA}.AppStore|ARM.Deploy.0 = AppStore|iPhone
		{4BA3033C-BD8D-437F-9C2B-58D467AB2FCA}.AppStore|iPhone.ActiveCfg = AppStore|iPhone
		{4BA3033C-BD8D-437F-9C2B-58D467AB2FCA}.AppStore|iPhone.Build.0 = AppStore|iPhone
		{4BA3033C-BD8D-437F-9C2B-58D467AB2FCA}.AppStore|iPhone.Deploy.0 = AppStore|iPhone
		{4BA3033C-BD8D-437F-9C2B-58D467AB2FCA}.AppStore|iPhoneSimulator.ActiveCfg = AppStore|iPhoneSimulator
		{4BA3033C-BD8D-437F-9C2B-58D467AB2FCA}.AppStore|iPhoneSimulator.Build.0 = AppStore|iPhoneSimulator
		{4BA3033C-BD8D-437F-9C2B-58D467AB2FCA}.AppStore|iPhoneSimulator.Deploy.0 = AppStore|iPhoneSimulator
		{4BA3033C-BD8D-437F-9C2B-58D467AB2FCA}.AppStore|x64.ActiveCfg = AppStore|iPhone
		{4BA3033C-BD8D-437F-9C2B-58D467AB2FCA}.AppStore|x64.Build.0 = AppStore|iPhone
		{4BA3033C-BD8D-437F-9C2B-58D467AB2FCA}.AppStore|x64.Deploy.0 = AppStore|iPhone
		{4BA3033C-BD8D-437F-9C2B-58D467AB2FCA}.AppStore|x86.ActiveCfg = AppStore|iPhone
		{4BA3033C-BD8D-437F-9C2B-58D467AB2FCA}.AppStore|x86.Build.0 = AppStore|iPhone
		{4BA3033C-BD8D-437F-9C2B-58D467AB2FCA}.AppStore|x86.Deploy.0 = AppStore|iPhone
		{4BA3033C-BD8D-437F-9C2B-58D467AB2FCA}.Debug|Any CPU.ActiveCfg = Debug|iPhoneSimulator
		{4BA3033C-BD8D-437F-9C2B-58D467AB2FCA}.Debug|Any CPU.Build.0 = Debug|iPhoneSimulator
		{4BA3033C-BD8D-437F-9C2B-58D467AB2FCA}.Debug|Any CPU.Deploy.0 = Debug|iPhoneSimulator
		{4BA3033C-BD8D-437F-9C2B-58D467AB2FCA}.Debug|ARM.ActiveCfg = Debug|iPhone
		{4BA3033C-BD8D-437F-9C2B-58D467AB2FCA}.Debug|ARM.Build.0 = Debug|iPhone
		{4BA3033C-BD8D-437F-9C2B-58D467AB2FCA}.Debug|ARM.Deploy.0 = Debug|iPhone
		{4BA3033C-BD8D-437F-9C2B-58D467AB2FCA}.Debug|iPhone.ActiveCfg = Debug|iPhone
		{4BA3033C-BD8D-437F-9C2B-58D467AB2FCA}.Debug|iPhone.Build.0 = Debug|iPhone
		{4BA3033C-BD8D-437F-9C2B-58D467AB2FCA}.Debug|iPhone.Deploy.0 = Debug|iPhone
		{4BA3033C-BD8D-437F-9C2B-58D467AB2FCA}.Debug|iPhoneSimulator.ActiveCfg = Debug|iPhoneSimulator
		{4BA3033C-BD8D-437F-9C2B-58D467AB2FCA}.Debug|iPhoneSimulator.Build.0 = Debug|iPhoneSimulator
		{4BA3033C-BD8D-437F-9C2B-58D467AB2FCA}.Debug|iPhoneSimulator.Deploy.0 = Debug|iPhoneSimulator
		{4BA3033C-BD8D-437F-9C2B-58D467AB2FCA}.Debug|x64.ActiveCfg = Debug|iPhone
		{4BA3033C-BD8D-437F-9C2B-58D467AB2FCA}.Debug|x64.Build.0 = Debug|iPhone
		{4BA3033C-BD8D-437F-9C2B-58D467AB2FCA}.Debug|x64.Deploy.0 = Debug|iPhone
		{4BA3033C-BD8D-437F-9C2B-58D467AB2FCA}.Debug|x86.ActiveCfg = Debug|iPhone
		{4BA3033C-BD8D-437F-9C2B-58D467AB2FCA}.Debug|x86.Build.0 = Debug|iPhone
		{4BA3033C-BD8D-437F-9C2B-58D467AB2FCA}.Debug|x86.Deploy.0 = Debug|iPhone
		{4BA3033C-BD8D-437F-9C2B-58D467AB2FCA}.Release|Any CPU.ActiveCfg = Release|iPhone
		{4BA3033C-BD8D-437F-9C2B-58D467AB2FCA}.Release|Any CPU.Build.0 = Release|iPhone
		{4BA3033C-BD8D-437F-9C2B-58D467AB2FCA}.Release|Any CPU.Deploy.0 = Release|iPhone
		{4BA3033C-BD8D-437F-9C2B-58D467AB2FCA}.Release|ARM.ActiveCfg = Release|iPhone
		{4BA3033C-BD8D-437F-9C2B-58D467AB2FCA}.Release|ARM.Build.0 = Release|iPhone
		{4BA3033C-BD8D-437F-9C2B-58D467AB2FCA}.Release|ARM.Deploy.0 = Release|iPhone
		{4BA3033C-BD8D-437F-9C2B-58D467AB2FCA}.Release|iPhone.ActiveCfg = Release|iPhone
		{4BA3033C-BD8D-437F-9C2B-58D467AB2FCA}.Release|iPhone.Build.0 = Release|iPhone
		{4BA3033C-BD8D-437F-9C2B-58D467AB2FCA}.Release|iPhone.Deploy.0 = Release|iPhone
		{4BA3033C-BD8D-437F-9C2B-58D467AB2FCA}.Release|iPhoneSimulator.ActiveCfg = Release|iPhoneSimulator
		{4BA3033C-BD8D-437F-9C2B-58D467AB2FCA}.Release|iPhoneSimulator.Build.0 = Release|iPhoneSimulator
		{4BA3033C-BD8D-437F-9C2B-58D467AB2FCA}.Release|iPhoneSimulator.Deploy.0 = Release|iPhoneSimulator
		{4BA3033C-BD8D-437F-9C2B-58D467AB2FCA}.Release|x64.ActiveCfg = Release|iPhone
		{4BA3033C-BD8D-437F-9C2B-58D467AB2FCA}.Release|x64.Build.0 = Release|iPhone
		{4BA3033C-BD8D-437F-9C2B-58D467AB2FCA}.Release|x64.Deploy.0 = Release|iPhone
		{4BA3033C-BD8D-437F-9C2B-58D467AB2FCA}.Release|x86.ActiveCfg = Release|iPhone
		{4BA3033C-BD8D-437F-9C2B-58D467AB2FCA}.Release|x86.Build.0 = Release|iPhone
		{4BA3033C-BD8D-437F-9C2B-58D467AB2FCA}.Release|x86.Deploy.0 = Release|iPhone
		{D535FE65-1029-445B-8B8B-1B0ACC135CFC}.Ad-Hoc|Any CPU.ActiveCfg = Release|x86
		{D535FE65-1029-445B-8B8B-1B0ACC135CFC}.Ad-Hoc|Any CPU.Build.0 = Release|x86
		{D535FE65-1029-445B-8B8B-1B0ACC135CFC}.Ad-Hoc|Any CPU.Deploy.0 = Release|x86
		{D535FE65-1029-445B-8B8B-1B0ACC135CFC}.Ad-Hoc|ARM.ActiveCfg = Release|ARM
		{D535FE65-1029-445B-8B8B-1B0ACC135CFC}.Ad-Hoc|ARM.Build.0 = Release|ARM
		{D535FE65-1029-445B-8B8B-1B0ACC135CFC}.Ad-Hoc|ARM.Deploy.0 = Release|ARM
		{D535FE65-1029-445B-8B8B-1B0ACC135CFC}.Ad-Hoc|iPhone.ActiveCfg = Release|x86
		{D535FE65-1029-445B-8B8B-1B0ACC135CFC}.Ad-Hoc|iPhone.Build.0 = Release|x86
		{D535FE65-1029-445B-8B8B-1B0ACC135CFC}.Ad-Hoc|iPhone.Deploy.0 = Release|x86
		{D535FE65-1029-445B-8B8B-1B0ACC135CFC}.Ad-Hoc|iPhoneSimulator.ActiveCfg = Release|x86
		{D535FE65-1029-445B-8B8B-1B0ACC135CFC}.Ad-Hoc|iPhoneSimulator.Build.0 = Release|x86
		{D535FE65-1029-445B-8B8B-1B0ACC135CFC}.Ad-Hoc|iPhoneSimulator.Deploy.0 = Release|x86
		{D535FE65-1029-445B-8B8B-1B0ACC135CFC}.Ad-Hoc|x64.ActiveCfg = Release|x64
		{D535FE65-1029-445B-8B8B-1B0ACC135CFC}.Ad-Hoc|x64.Build.0 = Release|x64
		{D535FE65-1029-445B-8B8B-1B0ACC135CFC}.Ad-Hoc|x64.Deploy.0 = Release|x64
		{D535FE65-1029-445B-8B8B-1B0ACC135CFC}.Ad-Hoc|x86.ActiveCfg = Release|x86
		{D535FE65-1029-445B-8B8B-1B0ACC135CFC}.Ad-Hoc|x86.Build.0 = Release|x86
		{D535FE65-1029-445B-8B8B-1B0ACC135CFC}.Ad-Hoc|x86.Deploy.0 = Release|x86
		{D535FE65-1029-445B-8B8B-1B0ACC135CFC}.AppStore|Any CPU.ActiveCfg = Release|x86
		{D535FE65-1029-445B-8B8B-1B0ACC135CFC}.AppStore|Any CPU.Build.0 = Release|x86
		{D535FE65-1029-445B-8B8B-1B0ACC135CFC}.AppStore|Any CPU.Deploy.0 = Release|x86
		{D535FE65-1029-445B-8B8B-1B0ACC135CFC}.AppStore|ARM.ActiveCfg = Release|ARM
		{D535FE65-1029-445B-8B8B-1B0ACC135CFC}.AppStore|ARM.Build.0 = Release|ARM
		{D535FE65-1029-445B-8B8B-1B0ACC135CFC}.AppStore|ARM.Deploy.0 = Release|ARM
		{D535FE65-1029-445B-8B8B-1B0ACC135CFC}.AppStore|iPhone.ActiveCfg = Release|x86
		{D535FE65-1029-445B-8B8B-1B0ACC135CFC}.AppStore|iPhone.Build.0 = Release|x86
		{D535FE65-1029-445B-8B8B-1B0ACC135CFC}.AppStore|iPhone.Deploy.0 = Release|x86
		{D535FE65-1029-445B-8B8B-1B0ACC135CFC}.AppStore|iPhoneSimulator.ActiveCfg = Release|x86
		{D535FE65-1029-445B-8B8B-1B0ACC135CFC}.AppStore|iPhoneSimulator.Build.0 = Release|x86
		{D535FE65-1029-445B-8B8B-1B0ACC135CFC}.AppStore|iPhoneSimulator.Deploy.0 = Release|x86
		{D535FE65-1029-445B-8B8B-1B0ACC135CFC}.AppStore|x64.ActiveCfg = Release|x64
		{D535FE65-1029-445B-8B8B-1B0ACC135CFC}.AppStore|x64.Build.0 = Release|x64
		{D535FE65-1029-445B-8B8B-1B0ACC135CFC}.AppStore|x64.Deploy.0 = Release|x64
		{D535FE65-1029-445B-8B8B-1B0ACC135CFC}.AppStore|x86.ActiveCfg = Release|x86
		{D535FE65-1029-445B-8B8B-1B0ACC135CFC}.AppStore|x86.Build.0 = Release|x86
		{D535FE65-1029-445B-8B8B-1B0ACC135CFC}.AppStore|x86.Deploy.0 = Release|x86
		{D535FE65-1029-445B-8B8B-1B0ACC135CFC}.Debug|Any CPU.ActiveCfg = Debug|x86
		{D535FE65-1029-445B-8B8B-1B0ACC135CFC}.Debug|Any CPU.Build.0 = Debug|x86
		{D535FE65-1029-445B-8B8B-1B0ACC135CFC}.Debug|Any CPU.Deploy.0 = Debug|x86
		{D535FE65-1029-445B-8B8B-1B0ACC135CFC}.Debug|ARM.ActiveCfg = Debug|ARM
		{D535FE65-1029-445B-8B8B-1B0ACC135CFC}.Debug|ARM.Build.0 = Debug|ARM
		{D535FE65-1029-445B-8B8B-1B0ACC135CFC}.Debug|ARM.Deploy.0 = Debug|ARM
		{D535FE65-1029-445B-8B8B-1B0ACC135CFC}.Debug|iPhone.ActiveCfg = Debug|x86
		{D535FE65-1029-445B-8B8B-1B0ACC135CFC}.Debug|iPhone.Build.0 = Debug|x86
		{D535FE65-1029-445B-8B8B-1B0ACC135CFC}.Debug|iPhone.Deploy.0 = Debug|x86
		{D535FE65-1029-445B-8B8B-1B0ACC135CFC}.Debug|iPhoneSimulator.ActiveCfg = Debug|x86
		{D535FE65-1029-445B-8B8B-1B0ACC135CFC}.Debug|iPhoneSimulator.Build.0 = Debug|x86
		{D535FE65-1029-445B-8B8B-1B0ACC135CFC}.Debug|iPhoneSimulator.Deploy.0 = Debug|x86
		{D535FE65-1029-445B-8B8B-1B0ACC135CFC}.Debug|x64.ActiveCfg = Debug|x64
		{D535FE65-1029-445B-8B8B-1B0ACC135CFC}.Debug|x64.Build.0 = Debug|x64
		{D535FE65-1029-445B-8B8B-1B0ACC135CFC}.Debug|x64.Deploy.0 = Debug|x64
		{D535FE65-1029-445B-8B8B-1B0ACC135CFC}.Debug|x86.ActiveCfg = Debug|x86
		{D535FE65-1029-445B-8B8B-1B0ACC135CFC}.Debug|x86.Build.0 = Debug|x86
		{D535FE65-1029-445B-8B8B-1B0ACC135CFC}.Debug|x86.Deploy.0 = Debug|x86
		{D535FE65-1029-445B-8B8B-1B0ACC135CFC}.Release|Any CPU.ActiveCfg = Release|x86
		{D535FE65-1029-445B-8B8B-1B0ACC135CFC}.Release|Any CPU.Build.0 = Release|x86
		{D535FE65-1029-445B-8B8B-1B0ACC135CFC}.Release|Any CPU.Deploy.0 = Release|x86
		{D535FE65-1029-445B-8B8B-1B0ACC135CFC}.Release|ARM.ActiveCfg = Release|ARM
		{D535FE65-1029-445B-8B8B-1B0ACC135CFC}.Release|ARM.Build.0 = Release|ARM
		{D535FE65-1029-445B-8B8B-1B0ACC135CFC}.Release|ARM.Deploy.0 = Release|ARM
		{D535FE65-1029-445B-8B8B-1B0ACC135CFC}.Release|iPhone.ActiveCfg = Release|x86
		{D535FE65-1029-445B-8B8B-1B0ACC135CFC}.Release|iPhone.Build.0 = Release|x86
		{D535FE65-1029-445B-8B8B-1B0ACC135CFC}.Release|iPhone.Deploy.0 = Release|x86
		{D535FE65-1029-445B-8B8B-1B0ACC135CFC}.Release|iPhoneSimulator.ActiveCfg = Release|x86
		{D535FE65-1029-445B-8B8B-1B0ACC135CFC}.Release|iPhoneSimulator.Build.0 = Release|x86
		{D535FE65-1029-445B-8B8B-1B0ACC135CFC}.Release|iPhoneSimulator.Deploy.0 = Release|x86
		{D535FE65-1029-445B-8B8B-1B0ACC135CFC}.Release|x64.ActiveCfg = Release|x64
		{D535FE65-1029-445B-8B8B-1B0ACC135CFC}.Release|x64.Build.0 = Release|x64
		{D535FE65-1029-445B-8B8B-1B0ACC135CFC}.Release|x64.Deploy.0 = Release|x64
		{D535FE65-1029-445B-8B8B-1B0ACC135CFC}.Release|x86.ActiveCfg = Release|x86
		{D535FE65-1029-445B-8B8B-1B0ACC135CFC}.Release|x86.Build.0 = Release|x86
		{D535FE65-1029-445B-8B8B-1B0ACC135CFC}.Release|x86.Deploy.0 = Release|x86
	EndGlobalSection
	GlobalSection(SolutionProperties) = preSolution
		HideSolutionNode = FALSE
	EndGlobalSection
	GlobalSection(ExtensibilityGlobals) = postSolution
		SolutionGuid = {1CD1DE4A-9D34-4733-BF60-2AB8C9F43C7F}
	EndGlobalSection
EndGlobal
